
Microsoft Visual Studio Solution File, Format Version 12.00
# Visual Studio Version 16
VisualStudioVersion = 16.0.29613.14
MinimumVisualStudioVersion = 10.0.40219.1
Project("{FAE04EC0-301F-11D3-BF4B-00C04F79EFBC}") = "WindowsFormsApp1", "WindowsFormsApp1\WindowsFormsApp1.csproj", "{FD5A5368-50BB-413D-B570-A2E9B47BE798}"
EndProject
Project("{FAE04EC0-301F-11D3-BF4B-00C04F79EFBC}") = "BaiThucHanhSo2", "BaiThucHanhSo2\BaiThucHanhSo2.csproj", "{D78F04D4-15F6-412C-AB08-44BABB320417}"
EndProject
Project("{FAE04EC0-301F-11D3-BF4B-00C04F79EFBC}") = "WindowsFormsApp2", "WindowsFormsApp2\WindowsFormsApp2.csproj", "{74BD973C-E820-46F7-9057-19E68797414B}"
EndProject
Global
	GlobalSection(SolutionConfigurationPlatforms) = preSolution
		Debug|Any CPU = Debug|Any CPU
		Release|Any CPU = Release|Any CPU
	EndGlobalSection
	GlobalSection(ProjectConfigurationPlatforms) = postSolution
		{FD5A5368-50BB-413D-B570-A2E9B47BE798}.Debug|Any CPU.ActiveCfg = Debug|Any CPU
		{FD5A5368-50BB-413D-B570-A2E9B47BE798}.Debug|Any CPU.Build.0 = Debug|Any CPU
		{FD5A5368-50BB-413D-B570-A2E9B47BE798}.Release|Any CPU.ActiveCfg = Release|Any CPU
		{FD5A5368-50BB-413D-B570-A2E9B47BE798}.Release|Any CPU.Build.0 = Release|Any CPU
		{D78F04D4-15F6-412C-AB08-44BABB320417}.Debug|Any CPU.ActiveCfg = Debug|Any CPU
		{D78F04D4-15F6-412C-AB08-44BABB320417}.Debug|Any CPU.Build.0 = Debug|Any CPU
		{D78F04D4-15F6-412C-AB08-44BABB320417}.Release|Any CPU.ActiveCfg = Release|Any CPU
		{D78F04D4-15F6-412C-AB08-44BABB320417}.Release|Any CPU.Build.0 = Release|Any CPU
		{74BD973C-E820-46F7-9057-19E68797414B}.Debug|Any CPU.ActiveCfg = Debug|Any CPU
		{74BD973C-E820-46F7-9057-19E68797414B}.Debug|Any CPU.Build.0 = Debug|Any CPU
		{74BD973C-E820-46F7-9057-19E68797414B}.Release|Any CPU.ActiveCfg = Release|Any CPU
		{74BD973C-E820-46F7-9057-19E68797414B}.Release|Any CPU.Build.0 = Release|Any CPU
	EndGlobalSection
	GlobalSection(SolutionProperties) = preSolution
		HideSolutionNode = FALSE
	EndGlobalSection
	GlobalSection(ExtensibilityGlobals) = postSolution
		SolutionGuid = {5977252A-28C2-4E1A-87B3-5FEDC4D92968}
	EndGlobalSection
EndGlobal
